
Microsoft Visual Studio Solution File, Format Version 12.00
# Visual Studio 14
VisualStudioVersion = 14.0.25420.1
MinimumVisualStudioVersion = 10.0.40219.1
Project("{FAE04EC0-301F-11D3-BF4B-00C04F79EFBC}") = "RazorBase", "RazorBase\RazorBase.csproj", "{4C0A784D-B8F1-4D3E-9000-976BD6D4C9EB}"
EndProject
Project("{FAE04EC0-301F-11D3-BF4B-00C04F79EFBC}") = "Web", "Web\Web.csproj", "{9AAD8389-0181-4BBF-9BA8-1BFC794D97E8}"
EndProject
Project("{FAE04EC0-301F-11D3-BF4B-00C04F79EFBC}") = "Common", "Common\Common.csproj", "{F32A4BB7-C074-4773-A927-86152259BCB1}"
EndProject
Global
	GlobalSection(SolutionConfigurationPlatforms) = preSolution
		Debug|Any CPU = Debug|Any CPU
		Release|Any CPU = Release|Any CPU
	EndGlobalSection
	GlobalSection(ProjectConfigurationPlatforms) = postSolution
		{4C0A784D-B8F1-4D3E-9000-976BD6D4C9EB}.Debug|Any CPU.ActiveCfg = Debug|Any CPU
		{4C0A784D-B8F1-4D3E-9000-976BD6D4C9EB}.Debug|Any CPU.Build.0 = Debug|Any CPU
		{4C0A784D-B8F1-4D3E-9000-976BD6D4C9EB}.Release|Any CPU.ActiveCfg = Release|Any CPU
		{4C0A784D-B8F1-4D3E-9000-976BD6D4C9EB}.Release|Any CPU.Build.0 = Release|Any CPU
		{9AAD8389-0181-4BBF-9BA8-1BFC794D97E8}.Debug|Any CPU.ActiveCfg = Debug|Any CPU
		{9AAD8389-0181-4BBF-9BA8-1BFC794D97E8}.Debug|Any CPU.Build.0 = Debug|Any CPU
		{9AAD8389-0181-4BBF-9BA8-1BFC794D97E8}.Release|Any CPU.ActiveCfg = Release|Any CPU
		{9AAD8389-0181-4BBF-9BA8-1BFC794D97E8}.Release|Any CPU.Build.0 = Release|Any CPU
		{F32A4BB7-C074-4773-A927-86152259BCB1}.Debug|Any CPU.ActiveCfg = Debug|Any CPU
		{F32A4BB7-C074-4773-A927-86152259BCB1}.Debug|Any CPU.Build.0 = Debug|Any CPU
		{F32A4BB7-C074-4773-A927-86152259BCB1}.Release|Any CPU.ActiveCfg = Release|Any CPU
		{F32A4BB7-C074-4773-A927-86152259BCB1}.Release|Any CPU.Build.0 = Release|Any CPU
	EndGlobalSection
	GlobalSection(SolutionProperties) = preSolution
		HideSolutionNode = FALSE
	EndGlobalSection
EndGlobal
